// !$*UTF8*$!
{
	archiveVersion = 1;
	classes = {
	};
	objectVersion = 46;
	objects = {

/* Begin PBXAggregateTarget section */
		429B1CBF162EDCEA00578A1C /* all */ = {
			isa = PBXAggregateTarget;
			buildConfigurationList = 429B1CC0162EDCEA00578A1C /* Build configuration list for PBXAggregateTarget "all" */;
			buildPhases = (
			);
			dependencies = (
				429B1CC4162EDCFB00578A1C /* PBXTargetDependency */,
			);
			name = all;
			productName = all;
		};
/* End PBXAggregateTarget section */

/* Begin PBXBuildFile section */
		429B1C7D162DBA5300578A1C /* libea.a in Frameworks */ = {isa = PBXBuildFile; fileRef = 429B1C7B162DBA5300578A1C /* libea.a */; };
		429B1C7E162DBA5300578A1C /* libmkv.a in Frameworks */ = {isa = PBXBuildFile; fileRef = 429B1C7C162DBA5300578A1C /* libmkv.a */; };
		429B1CBC162ED89C00578A1C /* eos-active-perception.cpp in Sources */ = {isa = PBXBuildFile; fileRef = 429B1CA8162ED84E00578A1C /* eos-active-perception.cpp */; };
/* End PBXBuildFile section */

/* Begin PBXContainerItemProxy section */
		429B1CC3162EDCFB00578A1C /* PBXContainerItemProxy */ = {
			isa = PBXContainerItemProxy;
			containerPortal = 429B1C41162DB8DE00578A1C /* Project object */;
			proxyType = 1;
			remoteGlobalIDString = 429B1C49162DB8DF00578A1C;
			remoteInfo = mkv;
		};
/* End PBXContainerItemProxy section */

/* Begin PBXCopyFilesBuildPhase section */
		429B1C48162DB8DF00578A1C /* CopyFiles */ = {
			isa = PBXCopyFilesBuildPhase;
			buildActionMask = 2147483647;
			dstPath = /usr/share/man/man1/;
			dstSubfolderSpec = 0;
			files = (
			);
			runOnlyForDeploymentPostprocessing = 1;
		};
/* End PBXCopyFilesBuildPhase section */

/* Begin PBXFileReference section */
		429B1C4A162DB8DF00578A1C /* eos-active-perception */ = {isa = PBXFileReference; explicitFileType = "compiled.mach-o.executable"; includeInIndex = 0; path = "eos-active-perception"; sourceTree = BUILT_PRODUCTS_DIR; };
		429B1C5E162DB94800578A1C /* template.xcconfig */ = {isa = PBXFileReference; fileEncoding = 4; lastKnownFileType = text.xcconfig; path = template.xcconfig; sourceTree = "<group>"; };
		429B1C7B162DBA5300578A1C /* libea.a */ = {isa = PBXFileReference; lastKnownFileType = archive.ar; name = libea.a; path = ../DerivedData/research/Build/Products/Debug/libea.a; sourceTree = "<group>"; };
		429B1C7C162DBA5300578A1C /* libmkv.a */ = {isa = PBXFileReference; lastKnownFileType = archive.ar; name = libmkv.a; path = ../DerivedData/research/Build/Products/Debug/libmkv.a; sourceTree = "<group>"; };
		429B1C8D162ED68500578A1C /* Jamroot */ = {isa = PBXFileReference; lastKnownFileType = text; path = Jamroot; sourceTree = "<group>"; };
		429B1CA8162ED84E00578A1C /* eos-active-perception.cpp */ = {isa = PBXFileReference; lastKnownFileType = sourcecode.cpp.cpp; path = "eos-active-perception.cpp"; sourceTree = "<group>"; };
		429B1CD1162EE63900578A1C /* README.md */ = {isa = PBXFileReference; lastKnownFileType = text; path = README.md; sourceTree = "<group>"; };
		BAD0414716C049640078EF5E /* eos-active-perception.cfg */ = {isa = PBXFileReference; lastKnownFileType = text; path = "eos-active-perception.cfg"; sourceTree = "<group>"; };
/* End PBXFileReference section */

/* Begin PBXFrameworksBuildPhase section */
		429B1C47162DB8DF00578A1C /* Frameworks */ = {
			isa = PBXFrameworksBuildPhase;
			buildActionMask = 2147483647;
			files = (
				429B1C7D162DBA5300578A1C /* libea.a in Frameworks */,
				429B1C7E162DBA5300578A1C /* libmkv.a in Frameworks */,
			);
			runOnlyForDeploymentPostprocessing = 0;
		};
/* End PBXFrameworksBuildPhase section */

/* Begin PBXGroup section */
		429B1C3F162DB8DE00578A1C = {
			isa = PBXGroup;
			children = (
				429B1C8D162ED68500578A1C /* Jamroot */,
				429B1CD1162EE63900578A1C /* README.md */,
				429B1C5C162DB94800578A1C /* etc */,
				429B1C80162DBAB700578A1C /* lib */,
				429B1C5F162DB94800578A1C /* src */,
				429B1C4B162DB8DF00578A1C /* Products */,
			);
			sourceTree = "<group>";
		};
		429B1C4B162DB8DF00578A1C /* Products */ = {
			isa = PBXGroup;
			children = (
				429B1C4A162DB8DF00578A1C /* eos-active-perception */,
			);
			name = Products;
			sourceTree = "<group>";
		};
		429B1C5C162DB94800578A1C /* etc */ = {
			isa = PBXGroup;
			children = (
				BAD0414716C049640078EF5E /* eos-active-perception.cfg */,
				429B1C5E162DB94800578A1C /* template.xcconfig */,
			);
			path = etc;
			sourceTree = "<group>";
		};
		429B1C5F162DB94800578A1C /* src */ = {
			isa = PBXGroup;
			children = (
				429B1CA8162ED84E00578A1C /* eos-active-perception.cpp */,
			);
			path = src;
			sourceTree = "<group>";
		};
		429B1C80162DBAB700578A1C /* lib */ = {
			isa = PBXGroup;
			children = (
				429B1C7B162DBA5300578A1C /* libea.a */,
				429B1C7C162DBA5300578A1C /* libmkv.a */,
			);
			name = lib;
			sourceTree = "<group>";
		};
/* End PBXGroup section */

/* Begin PBXNativeTarget section */
		429B1C49162DB8DF00578A1C /* eos-active-perception */ = {
			isa = PBXNativeTarget;
			buildConfigurationList = 429B1C54162DB8DF00578A1C /* Build configuration list for PBXNativeTarget "eos-active-perception" */;
			buildPhases = (
				429B1C46162DB8DF00578A1C /* Sources */,
				429B1C47162DB8DF00578A1C /* Frameworks */,
				429B1C48162DB8DF00578A1C /* CopyFiles */,
			);
			buildRules = (
			);
			dependencies = (
			);
			name = "eos-active-perception";
			productName = template;
			productReference = 429B1C4A162DB8DF00578A1C /* eos-active-perception */;
			productType = "com.apple.product-type.tool";
		};
/* End PBXNativeTarget section */

/* Begin PBXProject section */
		429B1C41162DB8DE00578A1C /* Project object */ = {
			isa = PBXProject;
			attributes = {
				LastUpgradeCheck = 0450;
				ORGANIZATIONNAME = "Dave Knoester";
			};
			buildConfigurationList = 429B1C44162DB8DE00578A1C /* Build configuration list for PBXProject "eos-active-perception" */;
			compatibilityVersion = "Xcode 3.2";
			developmentRegion = English;
			hasScannedForEncodings = 0;
			knownRegions = (
				en,
			);
			mainGroup = 429B1C3F162DB8DE00578A1C;
			productRefGroup = 429B1C4B162DB8DF00578A1C /* Products */;
			projectDirPath = "";
			projectRoot = "";
			targets = (
				429B1C49162DB8DF00578A1C /* eos-active-perception */,
				429B1CBF162EDCEA00578A1C /* all */,
			);
		};
/* End PBXProject section */

/* Begin PBXSourcesBuildPhase section */
		429B1C46162DB8DF00578A1C /* Sources */ = {
			isa = PBXSourcesBuildPhase;
			buildActionMask = 2147483647;
			files = (
				429B1CBC162ED89C00578A1C /* eos-active-perception.cpp in Sources */,
			);
			runOnlyForDeploymentPostprocessing = 0;
		};
/* End PBXSourcesBuildPhase section */

/* Begin PBXTargetDependency section */
		429B1CC4162EDCFB00578A1C /* PBXTargetDependency */ = {
			isa = PBXTargetDependency;
			target = 429B1C49162DB8DF00578A1C /* eos-active-perception */;
			targetProxy = 429B1CC3162EDCFB00578A1C /* PBXContainerItemProxy */;
		};
/* End PBXTargetDependency section */

/* Begin XCBuildConfiguration section */
		429B1C52162DB8DF00578A1C /* Debug */ = {
			isa = XCBuildConfiguration;
			baseConfigurationReference = 429B1C5E162DB94800578A1C /* template.xcconfig */;
			buildSettings = {
				ALWAYS_SEARCH_USER_PATHS = NO;
				ARCHS = "$(ARCHS_STANDARD_64_BIT)";
				CLANG_WARN_EMPTY_BODY = YES;
				CLANG_WARN__DUPLICATE_METHOD_MATCH = YES;
				COPY_PHASE_STRIP = NO;
				GCC_DYNAMIC_NO_PIC = NO;
				GCC_ENABLE_OBJC_EXCEPTIONS = YES;
				GCC_OPTIMIZATION_LEVEL = 0;
				GCC_PREPROCESSOR_DEFINITIONS = (
					"DEBUG=1",
					"$(inherited)",
				);
				MACOSX_DEPLOYMENT_TARGET = 10.7;
				ONLY_ACTIVE_ARCH = YES;
				SDKROOT = macosx;
			};
			name = Debug;
		};
		429B1C53162DB8DF00578A1C /* Release */ = {
			isa = XCBuildConfiguration;
			baseConfigurationReference = 429B1C5E162DB94800578A1C /* template.xcconfig */;
			buildSettings = {
				ALWAYS_SEARCH_USER_PATHS = NO;
				ARCHS = "$(ARCHS_STANDARD_64_BIT)";
				CLANG_WARN_EMPTY_BODY = YES;
				CLANG_WARN__DUPLICATE_METHOD_MATCH = YES;
				COPY_PHASE_STRIP = YES;
				DEBUG_INFORMATION_FORMAT = "dwarf-with-dsym";
				GCC_ENABLE_OBJC_EXCEPTIONS = YES;
				MACOSX_DEPLOYMENT_TARGET = 10.7;
				SDKROOT = macosx;
			};
			name = Release;
		};
		429B1C55162DB8DF00578A1C /* Debug */ = {
			isa = XCBuildConfiguration;
			buildSettings = {
				LIBRARY_SEARCH_PATHS = (
					"$(inherited)",
					"\"$(SRCROOT)/../DerivedData/research/Build/Products/Debug\"",
				);
				PRODUCT_NAME = "eos-active-perception";
			};
			name = Debug;
		};
		429B1C56162DB8DF00578A1C /* Release */ = {
			isa = XCBuildConfiguration;
			buildSettings = {
				LIBRARY_SEARCH_PATHS = (
					"$(inherited)",
					"\"$(SRCROOT)/../DerivedData/research/Build/Products/Debug\"",
				);
				PRODUCT_NAME = "eos-active-perception";
			};
			name = Release;
		};
		429B1CC1162EDCEA00578A1C /* Debug */ = {
			isa = XCBuildConfiguration;
			buildSettings = {
				PRODUCT_NAME = "$(TARGET_NAME)";
			};
			name = Debug;
		};
		429B1CC2162EDCEA00578A1C /* Release */ = {
			isa = XCBuildConfiguration;
			buildSettings = {
				PRODUCT_NAME = "$(TARGET_NAME)";
			};
			name = Release;
		};
/* End XCBuildConfiguration section */

/* Begin XCConfigurationList section */
		429B1C44162DB8DE00578A1C /* Build configuration list for PBXProject "eos-active-perception" */ = {
			isa = XCConfigurationList;
			buildConfigurations = (
				429B1C52162DB8DF00578A1C /* Debug */,
				429B1C53162DB8DF00578A1C /* Release */,
			);
			defaultConfigurationIsVisible = 0;
			defaultConfigurationName = Release;
		};
		429B1C54162DB8DF00578A1C /* Build configuration list for PBXNativeTarget "eos-active-perception" */ = {
			isa = XCConfigurationList;
			buildConfigurations = (
				429B1C55162DB8DF00578A1C /* Debug */,
				429B1C56162DB8DF00578A1C /* Release */,
			);
			defaultConfigurationIsVisible = 0;
			defaultConfigurationName = Release;
		};
		429B1CC0162EDCEA00578A1C /* Build configuration list for PBXAggregateTarget "all" */ = {
			isa = XCConfigurationList;
			buildConfigurations = (
				429B1CC1162EDCEA00578A1C /* Debug */,
				429B1CC2162EDCEA00578A1C /* Release */,
			);
			defaultConfigurationIsVisible = 0;
			defaultConfigurationName = Release;
		};
/* End XCConfigurationList section */
	};
	rootObject = 429B1C41162DB8DE00578A1C /* Project object */;
}
